<?xml version="1.0" encoding="utf-8"?>
<Project ToolsVersion="4.0" xmlns="http://schemas.microsoft.com/developer/msbuild/2003">
  <ItemGroup>
    <Filter Include="소스 파일">
      <UniqueIdentifier>{4FC737F1-C7A5-4376-A066-2A32D752A2FF}</UniqueIdentifier>
      <Extensions>cpp;c;cc;cxx;c++;cppm;ixx;def;odl;idl;hpj;bat;asm;asmx</Extensions>
    </Filter>
    <Filter Include="헤더 파일">
      <UniqueIdentifier>{93995380-89BD-4b04-88EB-625FBE52EBFB}</UniqueIdentifier>
      <Extensions>h;hh;hpp;hxx;h++;hm;inl;inc;ipp;xsd</Extensions>
    </Filter>
    <Filter Include="리소스 파일">
      <UniqueIdentifier>{67DA6AB6-F800-4c08-8B7A-83BB121AAD01}</UniqueIdentifier>
      <Extensions>rc;ico;cur;bmp;dlg;rc2;rct;bin;rgs;gif;jpg;jpeg;jpe;resx;tiff;tif;png;wav;mfcribbon-ms</Extensions>
    </Filter>
    <Filter Include="소스 파일\6단계">
      <UniqueIdentifier>{36ed985c-95ff-42bb-9033-a6b52e46d185}</UniqueIdentifier>
    </Filter>
    <Filter Include="소스 파일\8단계">
      <UniqueIdentifier>{a8578c1e-7098-403f-a17c-a42a445ca5a5}</UniqueIdentifier>
    </Filter>
    <Filter Include="소스 파일\7단계">
      <UniqueIdentifier>{fa549d21-f658-4eb3-8791-86d4f596adf6}</UniqueIdentifier>
    </Filter>
    <Filter Include="소스 파일\9단계">
      <UniqueIdentifier>{cf0c782a-9b12-4d39-a8df-7938ea4f8990}</UniqueIdentifier>
    </Filter>
    <Filter Include="소스 파일\10단계">
      <UniqueIdentifier>{f4c9d26c-e9e1-4d77-9239-0c5fe2f28558}</UniqueIdentifier>
    </Filter>
    <Filter Include="소스 파일\전체 문제">
      <UniqueIdentifier>{3cf7e49d-c618-493d-8d4c-03966bc8862d}</UniqueIdentifier>
    </Filter>
    <Filter Include="소스 파일\전체 문제\1장">
      <UniqueIdentifier>{37f0696a-ddb0-4e31-b9e2-3f3ea9d496be}</UniqueIdentifier>
    </Filter>
    <Filter Include="소스 파일\전체 문제\2장">
      <UniqueIdentifier>{4dc89c42-aeba-4838-a5f6-cb8010df3496}</UniqueIdentifier>
    </Filter>
    <Filter Include="소스 파일\전체 문제\C++ 배우기%2851~100%29">
      <UniqueIdentifier>{fba92c62-5329-4c9d-b4f8-61a7ff97f33f}</UniqueIdentifier>
    </Filter>
    <Filter Include="소스 파일\전체 문제\아무 문제">
      <UniqueIdentifier>{93794936-3121-4fb4-a001-63b986b1c3e3}</UniqueIdentifier>
    </Filter>
    <Filter Include="소스 파일\11단계">
      <UniqueIdentifier>{8cb5d68d-61e8-4d09-8f12-bd000a1d4f76}</UniqueIdentifier>
    </Filter>
    <Filter Include="소스 파일\전체 문제\Python 배우기%281~50%29">
      <UniqueIdentifier>{88d3a8c6-005c-4d47-8bf7-8afc1a1c80a9}</UniqueIdentifier>
    </Filter>
    <Filter Include="소스 파일\전체 문제\C++ 배우기%28101~150%29">
      <UniqueIdentifier>{5d1eaedc-9548-4c59-96ef-d63fd51f3249}</UniqueIdentifier>
    </Filter>
    <Filter Include="소스 파일\그래프이론, DFS, BFS">
      <UniqueIdentifier>{92148d3b-9403-4c12-8e38-761f90be25bb}</UniqueIdentifier>
    </Filter>
    <Filter Include="소스 파일\복잡도, 재귀, 누적합, 구현">
      <UniqueIdentifier>{11a1c76f-569e-4e39-a587-a6fb8f45899d}</UniqueIdentifier>
    </Filter>
    <Filter Include="소스 파일\12단계">
      <UniqueIdentifier>{af0bc52b-af0e-4673-8e85-9fffc1e1efcd}</UniqueIdentifier>
    </Filter>
  </ItemGroup>
  <ItemGroup>
    <ClCompile Include="4673번.cpp">
      <Filter>소스 파일\6단계</Filter>
    </ClCompile>
    <ClCompile Include="15596번.cpp">
      <Filter>소스 파일\6단계</Filter>
    </ClCompile>
    <ClCompile Include="1065번.cpp">
      <Filter>소스 파일\6단계</Filter>
    </ClCompile>
    <ClCompile Include="11654번.cpp">
      <Filter>소스 파일\7단계</Filter>
    </ClCompile>
    <ClCompile Include="11720번.cpp">
      <Filter>소스 파일\7단계</Filter>
    </ClCompile>
    <ClCompile Include="10809번.cpp">
      <Filter>소스 파일\7단계</Filter>
    </ClCompile>
    <ClCompile Include="2675번.cpp">
      <Filter>소스 파일\7단계</Filter>
    </ClCompile>
    <ClCompile Include="1157번.cpp">
      <Filter>소스 파일\7단계</Filter>
    </ClCompile>
    <ClCompile Include="2908번.cpp">
      <Filter>소스 파일\7단계</Filter>
    </ClCompile>
    <ClCompile Include="5622번.cpp">
      <Filter>소스 파일\7단계</Filter>
    </ClCompile>
    <ClCompile Include="2941번.cpp">
      <Filter>소스 파일\7단계</Filter>
    </ClCompile>
    <ClCompile Include="1316번.cpp">
      <Filter>소스 파일\7단계</Filter>
    </ClCompile>
    <ClCompile Include="1712번.cpp">
      <Filter>소스 파일\8단계</Filter>
    </ClCompile>
    <ClCompile Include="2292번.cpp">
      <Filter>소스 파일\8단계</Filter>
    </ClCompile>
    <ClCompile Include="1193번.cpp">
      <Filter>소스 파일\8단계</Filter>
    </ClCompile>
    <ClCompile Include="2869번.cpp">
      <Filter>소스 파일\8단계</Filter>
    </ClCompile>
    <ClCompile Include="10250번.cpp">
      <Filter>소스 파일\8단계</Filter>
    </ClCompile>
    <ClCompile Include="2775번.cpp">
      <Filter>소스 파일\8단계</Filter>
    </ClCompile>
    <ClCompile Include="2839번.cpp">
      <Filter>소스 파일\8단계</Filter>
    </ClCompile>
    <ClCompile Include="10757번.cpp">
      <Filter>소스 파일\8단계</Filter>
    </ClCompile>
    <ClCompile Include="1011번.cpp">
      <Filter>소스 파일\8단계</Filter>
    </ClCompile>
    <ClCompile Include="1978번.cpp">
      <Filter>소스 파일\9단계</Filter>
    </ClCompile>
    <ClCompile Include="2581번.cpp">
      <Filter>소스 파일\9단계</Filter>
    </ClCompile>
    <ClCompile Include="11653번.cpp">
      <Filter>소스 파일\9단계</Filter>
    </ClCompile>
    <ClCompile Include="1929번.cpp">
      <Filter>소스 파일\9단계</Filter>
    </ClCompile>
    <ClCompile Include="4948번.cpp">
      <Filter>소스 파일\9단계</Filter>
    </ClCompile>
    <ClCompile Include="9020번.cpp">
      <Filter>소스 파일\9단계</Filter>
    </ClCompile>
    <ClCompile Include="1085번.cpp">
      <Filter>소스 파일\9단계</Filter>
    </ClCompile>
    <ClCompile Include="3009번.cpp">
      <Filter>소스 파일\9단계</Filter>
    </ClCompile>
    <ClCompile Include="4153번.cpp">
      <Filter>소스 파일\9단계</Filter>
    </ClCompile>
    <ClCompile Include="3053번.cpp">
      <Filter>소스 파일\9단계</Filter>
    </ClCompile>
    <ClCompile Include="1002번.cpp">
      <Filter>소스 파일\9단계</Filter>
    </ClCompile>
    <ClCompile Include="10872번.cpp">
      <Filter>소스 파일\10단계</Filter>
    </ClCompile>
    <ClCompile Include="10870번.cpp">
      <Filter>소스 파일\10단계</Filter>
    </ClCompile>
    <ClCompile Include="2477번.cpp">
      <Filter>소스 파일\10단계</Filter>
    </ClCompile>
    <ClCompile Include="1003번.cpp">
      <Filter>소스 파일\전체 문제\1장</Filter>
    </ClCompile>
    <ClCompile Include="1005번.cpp">
      <Filter>소스 파일\전체 문제\1장</Filter>
    </ClCompile>
    <ClCompile Include="1009번.cpp">
      <Filter>소스 파일\전체 문제\1장</Filter>
    </ClCompile>
    <ClCompile Include="1010번.cpp">
      <Filter>소스 파일\전체 문제\1장</Filter>
    </ClCompile>
    <ClCompile Include="1076번.cpp">
      <Filter>소스 파일\전체 문제\1장</Filter>
    </ClCompile>
    <ClCompile Include="1075번.cpp">
      <Filter>소스 파일\전체 문제\1장</Filter>
    </ClCompile>
    <ClCompile Include="1063번.cpp">
      <Filter>소스 파일\전체 문제\1장</Filter>
    </ClCompile>
    <ClCompile Include="1072번.cpp">
      <Filter>소스 파일\전체 문제\1장</Filter>
    </ClCompile>
    <ClCompile Include="11718번.cpp">
      <Filter>소스 파일\전체 문제\1장</Filter>
    </ClCompile>
    <ClCompile Include="11721번.cpp">
      <Filter>소스 파일\전체 문제\1장</Filter>
    </ClCompile>
    <ClCompile Include="1100번.cpp">
      <Filter>소스 파일\전체 문제\2장</Filter>
    </ClCompile>
    <ClCompile Include="1120번.cpp">
      <Filter>소스 파일\전체 문제\2장</Filter>
    </ClCompile>
    <ClCompile Include="1124번.cpp">
      <Filter>소스 파일\전체 문제\2장</Filter>
    </ClCompile>
    <ClCompile Include="1026번.cpp">
      <Filter>소스 파일\전체 문제\1장</Filter>
    </ClCompile>
    <ClCompile Include="1181번.cpp">
      <Filter>소스 파일\전체 문제\2장</Filter>
    </ClCompile>
    <ClCompile Include="1183번.cpp">
      <Filter>소스 파일\전체 문제\2장</Filter>
    </ClCompile>
    <ClCompile Include="1182번.cpp">
      <Filter>소스 파일\전체 문제\2장</Filter>
    </ClCompile>
    <ClCompile Include="3046번.cpp">
      <Filter>소스 파일\전체 문제\Python 배우기%281~50%29</Filter>
    </ClCompile>
    <ClCompile Include="2163번.cpp">
      <Filter>소스 파일\전체 문제\Python 배우기%281~50%29</Filter>
    </ClCompile>
    <ClCompile Include="10699번.cpp">
      <Filter>소스 파일\전체 문제\Python 배우기%281~50%29</Filter>
    </ClCompile>
    <ClCompile Include="1166번.cpp">
      <Filter>소스 파일\전체 문제\2장</Filter>
    </ClCompile>
    <ClCompile Include="1158번.cpp">
      <Filter>소스 파일\전체 문제\2장</Filter>
    </ClCompile>
    <ClCompile Include="1977번.cpp">
      <Filter>소스 파일\전체 문제\C++ 배우기%2851~100%29</Filter>
    </ClCompile>
    <ClCompile Include="11098번.cpp">
      <Filter>소스 파일\전체 문제\C++ 배우기%2851~100%29</Filter>
    </ClCompile>
    <ClCompile Include="5635번.cpp">
      <Filter>소스 파일\전체 문제\C++ 배우기%2851~100%29</Filter>
    </ClCompile>
    <ClCompile Include="1408번.cpp">
      <Filter>소스 파일\전체 문제\C++ 배우기%2851~100%29</Filter>
    </ClCompile>
    <ClCompile Include="2609번.cpp">
      <Filter>소스 파일\전체 문제\C++ 배우기%2851~100%29</Filter>
    </ClCompile>
    <ClCompile Include="2748번.cpp">
      <Filter>소스 파일\전체 문제\C++ 배우기%2851~100%29</Filter>
    </ClCompile>
    <ClCompile Include="1106번.cpp">
      <Filter>소스 파일\전체 문제\2장</Filter>
    </ClCompile>
    <ClCompile Include="12865번.cpp">
      <Filter>소스 파일\전체 문제\아무 문제</Filter>
    </ClCompile>
    <ClCompile Include="24039번.cpp">
      <Filter>소스 파일\전체 문제\아무 문제</Filter>
    </ClCompile>
    <ClCompile Include="1920번.cpp">
      <Filter>소스 파일\전체 문제\아무 문제</Filter>
    </ClCompile>
    <ClCompile Include="5430번.cpp">
      <Filter>소스 파일\전체 문제\아무 문제</Filter>
    </ClCompile>
    <ClCompile Include="11729번.cpp">
      <Filter>소스 파일\10단계</Filter>
    </ClCompile>
    <ClCompile Include="2798번.cpp">
      <Filter>소스 파일\11단계</Filter>
    </ClCompile>
    <ClCompile Include="2231번.cpp">
      <Filter>소스 파일\11단계</Filter>
    </ClCompile>
    <ClCompile Include="7568번.cpp">
      <Filter>소스 파일\11단계</Filter>
    </ClCompile>
    <ClCompile Include="2230번.cpp">
      <Filter>소스 파일\전체 문제\아무 문제</Filter>
    </ClCompile>
    <ClCompile Include="2448번.cpp">
      <Filter>소스 파일\전체 문제\아무 문제</Filter>
    </ClCompile>
    <ClCompile Include="5565번.cpp">
      <Filter>소스 파일\전체 문제\C++ 배우기%2851~100%29</Filter>
    </ClCompile>
    <ClCompile Include="10833번.cpp">
      <Filter>소스 파일\전체 문제\C++ 배우기%2851~100%29</Filter>
    </ClCompile>
    <ClCompile Include="9325번.cpp">
      <Filter>소스 파일\전체 문제\C++ 배우기%2851~100%29</Filter>
    </ClCompile>
    <ClCompile Include="5522번.cpp">
      <Filter>소스 파일\전체 문제\C++ 배우기%2851~100%29</Filter>
    </ClCompile>
    <ClCompile Include="2747번.cpp">
      <Filter>소스 파일\전체 문제\C++ 배우기%2851~100%29</Filter>
    </ClCompile>
    <ClCompile Include="2576번.cpp">
      <Filter>소스 파일\전체 문제\C++ 배우기%2851~100%29</Filter>
    </ClCompile>
    <ClCompile Include="2010번.cpp">
      <Filter>소스 파일\전체 문제\C++ 배우기%2851~100%29</Filter>
    </ClCompile>
    <ClCompile Include="10178번.cpp">
      <Filter>소스 파일\전체 문제\C++ 배우기%2851~100%29</Filter>
    </ClCompile>
    <ClCompile Include="9295번.cpp">
      <Filter>소스 파일\전체 문제\C++ 배우기%2851~100%29</Filter>
    </ClCompile>
    <ClCompile Include="10569번.cpp">
      <Filter>소스 파일\전체 문제\C++ 배우기%2851~100%29</Filter>
    </ClCompile>
    <ClCompile Include="2501번.cpp">
      <Filter>소스 파일\전체 문제\C++ 배우기%2851~100%29</Filter>
    </ClCompile>
    <ClCompile Include="2475번.cpp">
      <Filter>소스 파일\전체 문제\C++ 배우기%2851~100%29</Filter>
    </ClCompile>
    <ClCompile Include="9085번.cpp">
      <Filter>소스 파일\전체 문제\C++ 배우기%2851~100%29</Filter>
    </ClCompile>
    <ClCompile Include="2490번.cpp">
      <Filter>소스 파일\전체 문제\C++ 배우기%2851~100%29</Filter>
    </ClCompile>
    <ClCompile Include="10797번.cpp">
      <Filter>소스 파일\전체 문제\C++ 배우기%2851~100%29</Filter>
    </ClCompile>
    <ClCompile Include="2506번.cpp">
      <Filter>소스 파일\전체 문제\C++ 배우기%2851~100%29</Filter>
    </ClCompile>
    <ClCompile Include="2455번.cpp">
      <Filter>소스 파일\전체 문제\C++ 배우기%2851~100%29</Filter>
    </ClCompile>
    <ClCompile Include="2921번.cpp">
      <Filter>소스 파일\전체 문제\C++ 배우기%2851~100%29</Filter>
    </ClCompile>
    <ClCompile Include="10984번.cpp">
      <Filter>소스 파일\전체 문제\C++ 배우기%2851~100%29</Filter>
    </ClCompile>
    <ClCompile Include="2460번.cpp">
      <Filter>소스 파일\전체 문제\C++ 배우기%28101~150%29</Filter>
    </ClCompile>
    <ClCompile Include="2592번.cpp">
      <Filter>소스 파일\전체 문제\C++ 배우기%28101~150%29</Filter>
    </ClCompile>
    <ClCompile Include="1436번.cpp">
      <Filter>소스 파일\전체 문제\C++ 배우기%28101~150%29</Filter>
    </ClCompile>
    <ClCompile Include="2309번.cpp">
      <Filter>소스 파일\복잡도, 재귀, 누적합, 구현</Filter>
    </ClCompile>
    <ClCompile Include="10808번.cpp">
      <Filter>소스 파일\복잡도, 재귀, 누적합, 구현</Filter>
    </ClCompile>
    <ClCompile Include="2979번.cpp">
      <Filter>소스 파일\복잡도, 재귀, 누적합, 구현</Filter>
    </ClCompile>
    <ClCompile Include="10988번.cpp">
      <Filter>소스 파일\복잡도, 재귀, 누적합, 구현</Filter>
    </ClCompile>
    <ClCompile Include="1159번.cpp">
      <Filter>소스 파일\복잡도, 재귀, 누적합, 구현</Filter>
    </ClCompile>
    <ClCompile Include="11655번.cpp">
      <Filter>소스 파일\복잡도, 재귀, 누적합, 구현</Filter>
    </ClCompile>
    <ClCompile Include="9996번.cpp">
      <Filter>소스 파일\복잡도, 재귀, 누적합, 구현</Filter>
    </ClCompile>
    <ClCompile Include="2559번.cpp">
      <Filter>소스 파일\복잡도, 재귀, 누적합, 구현</Filter>
    </ClCompile>
    <ClCompile Include="1620번.cpp">
      <Filter>소스 파일\복잡도, 재귀, 누적합, 구현</Filter>
    </ClCompile>
    <ClCompile Include="9375번.cpp">
      <Filter>소스 파일\복잡도, 재귀, 누적합, 구현</Filter>
    </ClCompile>
    <ClCompile Include="1213번.cpp">
      <Filter>소스 파일\복잡도, 재귀, 누적합, 구현</Filter>
    </ClCompile>
    <ClCompile Include="1940번.cpp">
      <Filter>소스 파일\복잡도, 재귀, 누적합, 구현</Filter>
    </ClCompile>
    <ClCompile Include="3986번.cpp">
      <Filter>소스 파일\복잡도, 재귀, 누적합, 구현</Filter>
    </ClCompile>
    <ClCompile Include="1629번.cpp">
      <Filter>소스 파일\복잡도, 재귀, 누적합, 구현</Filter>
    </ClCompile>
    <ClCompile Include="4375번.cpp">
      <Filter>소스 파일\복잡도, 재귀, 누적합, 구현</Filter>
    </ClCompile>
    <ClCompile Include="2178번.cpp">
      <Filter>소스 파일\그래프이론, DFS, BFS</Filter>
    </ClCompile>
    <ClCompile Include="1012번.cpp">
      <Filter>소스 파일\그래프이론, DFS, BFS</Filter>
    </ClCompile>
    <ClCompile Include="2468번.cpp">
      <Filter>소스 파일\그래프이론, DFS, BFS</Filter>
    </ClCompile>
    <ClCompile Include="2583번.cpp">
      <Filter>소스 파일\그래프이론, DFS, BFS</Filter>
    </ClCompile>
    <ClCompile Include="1992번.cpp">
      <Filter>소스 파일\그래프이론, DFS, BFS</Filter>
    </ClCompile>
    <ClCompile Include="1260번.cpp">
      <Filter>소스 파일\전체 문제\아무 문제</Filter>
    </ClCompile>
    <ClCompile Include="2828번.cpp">
      <Filter>소스 파일\그래프이론, DFS, BFS</Filter>
    </ClCompile>
    <ClCompile Include="2910번.cpp">
      <Filter>소스 파일\그래프이론, DFS, BFS</Filter>
    </ClCompile>
    <ClCompile Include="10610번.cpp">
      <Filter>소스 파일\전체 문제\아무 문제</Filter>
    </ClCompile>
    <ClCompile Include="4659번.cpp">
      <Filter>소스 파일\그래프이론, DFS, BFS</Filter>
    </ClCompile>
    <ClCompile Include="2870번.cpp">
      <Filter>소스 파일\그래프이론, DFS, BFS</Filter>
    </ClCompile>
    <ClCompile Include="10709번.cpp">
      <Filter>소스 파일\그래프이론, DFS, BFS</Filter>
    </ClCompile>
    <ClCompile Include="3474번.cpp">
      <Filter>소스 파일\그래프이론, DFS, BFS</Filter>
    </ClCompile>
    <ClCompile Include="1325번.cpp">
      <Filter>소스 파일\그래프이론, DFS, BFS</Filter>
    </ClCompile>
    <ClCompile Include="1110번.cpp">
      <Filter>소스 파일\전체 문제\아무 문제</Filter>
    </ClCompile>
    <ClCompile Include="2852번.cpp">
      <Filter>소스 파일\그래프이론, DFS, BFS</Filter>
    </ClCompile>
    <ClCompile Include="9012번.cpp">
      <Filter>소스 파일\그래프이론, DFS, BFS</Filter>
    </ClCompile>
    <ClCompile Include="4949번.cpp">
      <Filter>소스 파일\그래프이론, DFS, BFS</Filter>
    </ClCompile>
    <ClCompile Include="14502번.cpp">
      <Filter>소스 파일\그래프이론, DFS, BFS</Filter>
    </ClCompile>
    <ClCompile Include="2636번.cpp">
      <Filter>소스 파일\그래프이론, DFS, BFS</Filter>
    </ClCompile>
    <ClCompile Include="1068번.cpp">
      <Filter>소스 파일\그래프이론, DFS, BFS</Filter>
    </ClCompile>
    <ClCompile Include="17298번.cpp">
      <Filter>소스 파일\그래프이론, DFS, BFS</Filter>
    </ClCompile>
    <ClCompile Include="1018번.cpp">
      <Filter>소스 파일\11단계</Filter>
    </ClCompile>
    <ClCompile Include="2750번.cpp">
      <Filter>소스 파일\12단계</Filter>
    </ClCompile>
    <ClCompile Include="2751번.cpp">
      <Filter>소스 파일\12단계</Filter>
    </ClCompile>
  </ItemGroup>
</Project>