<?xml version="1.0" encoding="utf-8"?>
<Project ToolsVersion="4.0" xmlns="http://schemas.microsoft.com/developer/msbuild/2003">
  <ItemGroup>
    <Filter Include="소스 파일">
      <UniqueIdentifier>{4FC737F1-C7A5-4376-A066-2A32D752A2FF}</UniqueIdentifier>
      <Extensions>cpp;c;cc;cxx;c++;cppm;ixx;def;odl;idl;hpj;bat;asm;asmx</Extensions>
    </Filter>
    <Filter Include="헤더 파일">
      <UniqueIdentifier>{93995380-89BD-4b04-88EB-625FBE52EBFB}</UniqueIdentifier>
      <Extensions>h;hh;hpp;hxx;h++;hm;inl;inc;ipp;xsd</Extensions>
    </Filter>
    <Filter Include="리소스 파일">
      <UniqueIdentifier>{67DA6AB6-F800-4c08-8B7A-83BB121AAD01}</UniqueIdentifier>
      <Extensions>rc;ico;cur;bmp;dlg;rc2;rct;bin;rgs;gif;jpg;jpeg;jpe;resx;tiff;tif;png;wav;mfcribbon-ms</Extensions>
    </Filter>
    <Filter Include="소스 파일\6단계">
      <UniqueIdentifier>{36ed985c-95ff-42bb-9033-a6b52e46d185}</UniqueIdentifier>
    </Filter>
    <Filter Include="소스 파일\8단계">
      <UniqueIdentifier>{a8578c1e-7098-403f-a17c-a42a445ca5a5}</UniqueIdentifier>
    </Filter>
    <Filter Include="소스 파일\7단계">
      <UniqueIdentifier>{fa549d21-f658-4eb3-8791-86d4f596adf6}</UniqueIdentifier>
    </Filter>
    <Filter Include="소스 파일\9단계">
      <UniqueIdentifier>{cf0c782a-9b12-4d39-a8df-7938ea4f8990}</UniqueIdentifier>
    </Filter>
    <Filter Include="소스 파일\10단계">
      <UniqueIdentifier>{f4c9d26c-e9e1-4d77-9239-0c5fe2f28558}</UniqueIdentifier>
    </Filter>
    <Filter Include="소스 파일\전체 문제">
      <UniqueIdentifier>{3cf7e49d-c618-493d-8d4c-03966bc8862d}</UniqueIdentifier>
    </Filter>
  </ItemGroup>
  <ItemGroup>
    <ClCompile Include="4673번.cpp">
      <Filter>소스 파일\6단계</Filter>
    </ClCompile>
    <ClCompile Include="15596번.cpp">
      <Filter>소스 파일\6단계</Filter>
    </ClCompile>
    <ClCompile Include="1065번.cpp">
      <Filter>소스 파일\6단계</Filter>
    </ClCompile>
    <ClCompile Include="11654번.cpp">
      <Filter>소스 파일\7단계</Filter>
    </ClCompile>
    <ClCompile Include="11720번.cpp">
      <Filter>소스 파일\7단계</Filter>
    </ClCompile>
    <ClCompile Include="10809번.cpp">
      <Filter>소스 파일\7단계</Filter>
    </ClCompile>
    <ClCompile Include="2675번.cpp">
      <Filter>소스 파일\7단계</Filter>
    </ClCompile>
    <ClCompile Include="1157번.cpp">
      <Filter>소스 파일\7단계</Filter>
    </ClCompile>
    <ClCompile Include="2908번.cpp">
      <Filter>소스 파일\7단계</Filter>
    </ClCompile>
    <ClCompile Include="5622번.cpp">
      <Filter>소스 파일\7단계</Filter>
    </ClCompile>
    <ClCompile Include="2941번.cpp">
      <Filter>소스 파일\7단계</Filter>
    </ClCompile>
    <ClCompile Include="1316번.cpp">
      <Filter>소스 파일\7단계</Filter>
    </ClCompile>
    <ClCompile Include="1712번.cpp">
      <Filter>소스 파일\8단계</Filter>
    </ClCompile>
    <ClCompile Include="2292번.cpp">
      <Filter>소스 파일\8단계</Filter>
    </ClCompile>
    <ClCompile Include="1193번.cpp">
      <Filter>소스 파일\8단계</Filter>
    </ClCompile>
    <ClCompile Include="2869번.cpp">
      <Filter>소스 파일\8단계</Filter>
    </ClCompile>
    <ClCompile Include="10250번.cpp">
      <Filter>소스 파일\8단계</Filter>
    </ClCompile>
    <ClCompile Include="2775번.cpp">
      <Filter>소스 파일\8단계</Filter>
    </ClCompile>
    <ClCompile Include="2839번.cpp">
      <Filter>소스 파일\8단계</Filter>
    </ClCompile>
    <ClCompile Include="10757번.cpp">
      <Filter>소스 파일\8단계</Filter>
    </ClCompile>
    <ClCompile Include="1011번.cpp">
      <Filter>소스 파일\8단계</Filter>
    </ClCompile>
    <ClCompile Include="1978번.cpp">
      <Filter>소스 파일\9단계</Filter>
    </ClCompile>
    <ClCompile Include="2581번.cpp">
      <Filter>소스 파일\9단계</Filter>
    </ClCompile>
    <ClCompile Include="11653번.cpp">
      <Filter>소스 파일\9단계</Filter>
    </ClCompile>
    <ClCompile Include="1929번.cpp">
      <Filter>소스 파일\9단계</Filter>
    </ClCompile>
    <ClCompile Include="4948번.cpp">
      <Filter>소스 파일\9단계</Filter>
    </ClCompile>
    <ClCompile Include="9020번.cpp">
      <Filter>소스 파일\9단계</Filter>
    </ClCompile>
    <ClCompile Include="1085번.cpp">
      <Filter>소스 파일\9단계</Filter>
    </ClCompile>
    <ClCompile Include="3009번.cpp">
      <Filter>소스 파일\9단계</Filter>
    </ClCompile>
    <ClCompile Include="4153번.cpp">
      <Filter>소스 파일\9단계</Filter>
    </ClCompile>
    <ClCompile Include="3053번.cpp">
      <Filter>소스 파일\9단계</Filter>
    </ClCompile>
    <ClCompile Include="1002번.cpp">
      <Filter>소스 파일\9단계</Filter>
    </ClCompile>
    <ClCompile Include="10872번.cpp">
      <Filter>소스 파일\10단계</Filter>
    </ClCompile>
    <ClCompile Include="10870번.cpp">
      <Filter>소스 파일\10단계</Filter>
    </ClCompile>
    <ClCompile Include="2477번.cpp">
      <Filter>소스 파일\10단계</Filter>
    </ClCompile>
    <ClCompile Include="1009번.cpp">
      <Filter>소스 파일\전체 문제</Filter>
    </ClCompile>
    <ClCompile Include="1010번.cpp">
      <Filter>소스 파일\전체 문제</Filter>
    </ClCompile>
    <ClCompile Include="11718번.cpp">
      <Filter>소스 파일\전체 문제</Filter>
    </ClCompile>
    <ClCompile Include="11721번.cpp">
      <Filter>소스 파일\전체 문제</Filter>
    </ClCompile>
    <ClCompile Include="1072번.cpp">
      <Filter>소스 파일\전체 문제</Filter>
    </ClCompile>
  </ItemGroup>
</Project>